
Microsoft Visual Studio Solution File, Format Version 12.00
# Visual Studio Version 16
VisualStudioVersion = 16.0.28729.10
MinimumVisualStudioVersion = 10.0.40219.1
Project("{FAE04EC0-301F-11D3-BF4B-00C04F79EFBC}") = "Escalonador de Processos", "Escalonador de Processos\Escalonador de Processos.csproj", "{547FEA2F-F229-41E9-B292-38216DA5C38E}"
EndProject
Global
	GlobalSection(SolutionConfigurationPlatforms) = preSolution
		Debug|Any CPU = Debug|Any CPU
		Release|Any CPU = Release|Any CPU
	EndGlobalSection
	GlobalSection(ProjectConfigurationPlatforms) = postSolution
		{547FEA2F-F229-41E9-B292-38216DA5C38E}.Debug|Any CPU.ActiveCfg = Debug|Any CPU
		{547FEA2F-F229-41E9-B292-38216DA5C38E}.Debug|Any CPU.Build.0 = Debug|Any CPU
		{547FEA2F-F229-41E9-B292-38216DA5C38E}.Release|Any CPU.ActiveCfg = Release|Any CPU
		{547FEA2F-F229-41E9-B292-38216DA5C38E}.Release|Any CPU.Build.0 = Release|Any CPU
	EndGlobalSection
	GlobalSection(SolutionProperties) = preSolution
		HideSolutionNode = FALSE
	EndGlobalSection
	GlobalSection(ExtensibilityGlobals) = postSolution
		SolutionGuid = {43CCB5C5-6158-4EE6-A879-B2778A1D83CA}
	EndGlobalSection
EndGlobal
